// !$*UTF8*$!
{
	archiveVersion = 1;
	classes = {
	};
	objectVersion = 56;
	objects = {

/* Begin PBXBuildFile section */
		905EA433350A8CD8D6080C99 /* Pods_APICall.framework in Frameworks */ = {isa = PBXBuildFile; fileRef = 0EDE0F60C6372E813ED1C5F2 /* Pods_APICall.framework */; };
		D417196A29C670BA00FF20EC /* AppDelegate.swift in Sources */ = {isa = PBXBuildFile; fileRef = D417196929C670BA00FF20EC /* AppDelegate.swift */; };
		D417196C29C670BA00FF20EC /* SceneDelegate.swift in Sources */ = {isa = PBXBuildFile; fileRef = D417196B29C670BA00FF20EC /* SceneDelegate.swift */; };
		D417196E29C670BA00FF20EC /* ViewController.swift in Sources */ = {isa = PBXBuildFile; fileRef = D417196D29C670BA00FF20EC /* ViewController.swift */; };
		D417197129C670BA00FF20EC /* Main.storyboard in Resources */ = {isa = PBXBuildFile; fileRef = D417196F29C670BA00FF20EC /* Main.storyboard */; };
		D417197329C670BB00FF20EC /* Assets.xcassets in Resources */ = {isa = PBXBuildFile; fileRef = D417197229C670BB00FF20EC /* Assets.xcassets */; };
		D417197629C670BB00FF20EC /* LaunchScreen.storyboard in Resources */ = {isa = PBXBuildFile; fileRef = D417197429C670BB00FF20EC /* LaunchScreen.storyboard */; };
		D417197F29C6711100FF20EC /* Constant.swift in Sources */ = {isa = PBXBuildFile; fileRef = D417197E29C6711100FF20EC /* Constant.swift */; };
/* End PBXBuildFile section */

/* Begin PBXFileReference section */
		0EDE0F60C6372E813ED1C5F2 /* Pods_APICall.framework */ = {isa = PBXFileReference; explicitFileType = wrapper.framework; includeInIndex = 0; path = Pods_APICall.framework; sourceTree = BUILT_PRODUCTS_DIR; };
		7DEED2087FC461ADE09333F1 /* Pods-APICall.debug.xcconfig */ = {isa = PBXFileReference; includeInIndex = 1; lastKnownFileType = text.xcconfig; name = "Pods-APICall.debug.xcconfig"; path = "Target Support Files/Pods-APICall/Pods-APICall.debug.xcconfig"; sourceTree = "<group>"; };
		D163A5374DF8657A37C841B0 /* Pods-APICall.release.xcconfig */ = {isa = PBXFileReference; includeInIndex = 1; lastKnownFileType = text.xcconfig; name = "Pods-APICall.release.xcconfig"; path = "Target Support Files/Pods-APICall/Pods-APICall.release.xcconfig"; sourceTree = "<group>"; };
		D417196629C670BA00FF20EC /* APICall.app */ = {isa = PBXFileReference; explicitFileType = wrapper.application; includeInIndex = 0; path = APICall.app; sourceTree = BUILT_PRODUCTS_DIR; };
		D417196929C670BA00FF20EC /* AppDelegate.swift */ = {isa = PBXFileReference; lastKnownFileType = sourcecode.swift; path = AppDelegate.swift; sourceTree = "<group>"; };
		D417196B29C670BA00FF20EC /* SceneDelegate.swift */ = {isa = PBXFileReference; lastKnownFileType = sourcecode.swift; path = SceneDelegate.swift; sourceTree = "<group>"; };
		D417196D29C670BA00FF20EC /* ViewController.swift */ = {isa = PBXFileReference; lastKnownFileType = sourcecode.swift; path = ViewController.swift; sourceTree = "<group>"; };
		D417197029C670BA00FF20EC /* Base */ = {isa = PBXFileReference; lastKnownFileType = file.storyboard; name = Base; path = Base.lproj/Main.storyboard; sourceTree = "<group>"; };
		D417197229C670BB00FF20EC /* Assets.xcassets */ = {isa = PBXFileReference; lastKnownFileType = folder.assetcatalog; path = Assets.xcassets; sourceTree = "<group>"; };
		D417197529C670BB00FF20EC /* Base */ = {isa = PBXFileReference; lastKnownFileType = file.storyboard; name = Base; path = Base.lproj/LaunchScreen.storyboard; sourceTree = "<group>"; };
		D417197729C670BB00FF20EC /* Info.plist */ = {isa = PBXFileReference; lastKnownFileType = text.plist.xml; path = Info.plist; sourceTree = "<group>"; };
		D417197E29C6711100FF20EC /* Constant.swift */ = {isa = PBXFileReference; lastKnownFileType = sourcecode.swift; path = Constant.swift; sourceTree = "<group>"; };
/* End PBXFileReference section */

/* Begin PBXFrameworksBuildPhase section */
		D417196329C670BA00FF20EC /* Frameworks */ = {
			isa = PBXFrameworksBuildPhase;
			buildActionMask = 2147483647;
			files = (
				905EA433350A8CD8D6080C99 /* Pods_APICall.framework in Frameworks */,
			);
			runOnlyForDeploymentPostprocessing = 0;
		};
/* End PBXFrameworksBuildPhase section */

/* Begin PBXGroup section */
		74B177EE98392E054C1F2E59 /* Frameworks */ = {
			isa = PBXGroup;
			children = (
				0EDE0F60C6372E813ED1C5F2 /* Pods_APICall.framework */,
			);
			name = Frameworks;
			sourceTree = "<group>";
		};
		B74C6B46B620C4BD1A9E0ECC /* Pods */ = {
			isa = PBXGroup;
			children = (
				7DEED2087FC461ADE09333F1 /* Pods-APICall.debug.xcconfig */,
				D163A5374DF8657A37C841B0 /* Pods-APICall.release.xcconfig */,
			);
			name = Pods;
			path = Pods;
			sourceTree = "<group>";
		};
		D417195D29C670BA00FF20EC = {
			isa = PBXGroup;
			children = (
				D417196829C670BA00FF20EC /* APICall */,
				D417196729C670BA00FF20EC /* Products */,
				B74C6B46B620C4BD1A9E0ECC /* Pods */,
				74B177EE98392E054C1F2E59 /* Frameworks */,
			);
			sourceTree = "<group>";
		};
		D417196729C670BA00FF20EC /* Products */ = {
			isa = PBXGroup;
			children = (
				D417196629C670BA00FF20EC /* APICall.app */,
			);
			name = Products;
			sourceTree = "<group>";
		};
		D417196829C670BA00FF20EC /* APICall */ = {
			isa = PBXGroup;
			children = (
				D417197D29C670F500FF20EC /* Utils */,
				D417196929C670BA00FF20EC /* AppDelegate.swift */,
				D417196B29C670BA00FF20EC /* SceneDelegate.swift */,
				D417196D29C670BA00FF20EC /* ViewController.swift */,
				D417196F29C670BA00FF20EC /* Main.storyboard */,
				D417197229C670BB00FF20EC /* Assets.xcassets */,
				D417197429C670BB00FF20EC /* LaunchScreen.storyboard */,
				D417197729C670BB00FF20EC /* Info.plist */,
			);
			path = APICall;
			sourceTree = "<group>";
		};
		D417197D29C670F500FF20EC /* Utils */ = {
			isa = PBXGroup;
			children = (
				D417197E29C6711100FF20EC /* Constant.swift */,
			);
			path = Utils;
			sourceTree = "<group>";
		};
/* End PBXGroup section */

/* Begin PBXNativeTarget section */
		D417196529C670BA00FF20EC /* APICall */ = {
			isa = PBXNativeTarget;
			buildConfigurationList = D417197A29C670BB00FF20EC /* Build configuration list for PBXNativeTarget "APICall" */;
			buildPhases = (
				093E996DEB2E6C99E9A25E12 /* [CP] Check Pods Manifest.lock */,
				D417196229C670BA00FF20EC /* Sources */,
				D417196329C670BA00FF20EC /* Frameworks */,
				D417196429C670BA00FF20EC /* Resources */,
				10CBDE13B35D165FCEF2376C /* [CP] Embed Pods Frameworks */,
			);
			buildRules = (
			);
			dependencies = (
			);
			name = APICall;
			productName = APICall;
			productReference = D417196629C670BA00FF20EC /* APICall.app */;
			productType = "com.apple.product-type.application";
		};
/* End PBXNativeTarget section */

/* Begin PBXProject section */
		D417195E29C670BA00FF20EC /* Project object */ = {
			isa = PBXProject;
			attributes = {
				BuildIndependentTargetsInParallel = 1;
				LastSwiftUpdateCheck = 1420;
				LastUpgradeCheck = 1420;
				TargetAttributes = {
					D417196529C670BA00FF20EC = {
						CreatedOnToolsVersion = 14.2;
					};
				};
			};
			buildConfigurationList = D417196129C670BA00FF20EC /* Build configuration list for PBXProject "APICall" */;
			compatibilityVersion = "Xcode 14.0";
			developmentRegion = en;
			hasScannedForEncodings = 0;
			knownRegions = (
				en,
				Base,
			);
			mainGroup = D417195D29C670BA00FF20EC;
			productRefGroup = D417196729C670BA00FF20EC /* Products */;
			projectDirPath = "";
			projectRoot = "";
			targets = (
				D417196529C670BA00FF20EC /* APICall */,
			);
		};
/* End PBXProject section */

/* Begin PBXResourcesBuildPhase section */
		D417196429C670BA00FF20EC /* Resources */ = {
			isa = PBXResourcesBuildPhase;
			buildActionMask = 2147483647;
			files = (
				D417197629C670BB00FF20EC /* LaunchScreen.storyboard in Resources */,
				D417197329C670BB00FF20EC /* Assets.xcassets in Resources */,
				D417197129C670BA00FF20EC /* Main.storyboard in Resources */,
			);
			runOnlyForDeploymentPostprocessing = 0;
		};
/* End PBXResourcesBuildPhase section */

/* Begin PBXShellScriptBuildPhase section */
		093E996DEB2E6C99E9A25E12 /* [CP] Check Pods Manifest.lock */ = {
			isa = PBXShellScriptBuildPhase;
			buildActionMask = 2147483647;
			files = (
			);
			inputFileListPaths = (
			);
			inputPaths = (
				"${PODS_PODFILE_DIR_PATH}/Podfile.lock",
				"${PODS_ROOT}/Manifest.lock",
			);
			name = "[CP] Check Pods Manifest.lock";
			outputFileListPaths = (
			);
			outputPaths = (
				"$(DERIVED_FILE_DIR)/Pods-APICall-checkManifestLockResult.txt",
			);
			runOnlyForDeploymentPostprocessing = 0;
			shellPath = /bin/sh;
			shellScript = "diff \"${PODS_PODFILE_DIR_PATH}/Podfile.lock\" \"${PODS_ROOT}/Manifest.lock\" > /dev/null\nif [ $? != 0 ] ; then\n    # print error to STDERR\n    echo \"error: The sandbox is not in sync with the Podfile.lock. Run 'pod install' or update your CocoaPods installation.\" >&2\n    exit 1\nfi\n# This output is used by Xcode 'outputs' to avoid re-running this script phase.\necho \"SUCCESS\" > \"${SCRIPT_OUTPUT_FILE_0}\"\n";
			showEnvVarsInLog = 0;
		};
		10CBDE13B35D165FCEF2376C /* [CP] Embed Pods Frameworks */ = {
			isa = PBXShellScriptBuildPhase;
			buildActionMask = 2147483647;
			files = (
			);
			inputFileListPaths = (
				"${PODS_ROOT}/Target Support Files/Pods-APICall/Pods-APICall-frameworks-${CONFIGURATION}-input-files.xcfilelist",
			);
			name = "[CP] Embed Pods Frameworks";
			outputFileListPaths = (
				"${PODS_ROOT}/Target Support Files/Pods-APICall/Pods-APICall-frameworks-${CONFIGURATION}-output-files.xcfilelist",
			);
			runOnlyForDeploymentPostprocessing = 0;
			shellPath = /bin/sh;
			shellScript = "\"${PODS_ROOT}/Target Support Files/Pods-APICall/Pods-APICall-frameworks.sh\"\n";
			showEnvVarsInLog = 0;
		};
/* End PBXShellScriptBuildPhase section */

/* Begin PBXSourcesBuildPhase section */
		D417196229C670BA00FF20EC /* Sources */ = {
			isa = PBXSourcesBuildPhase;
			buildActionMask = 2147483647;
			files = (
				D417196E29C670BA00FF20EC /* ViewController.swift in Sources */,
				D417196A29C670BA00FF20EC /* AppDelegate.swift in Sources */,
				D417196C29C670BA00FF20EC /* SceneDelegate.swift in Sources */,
				D417197F29C6711100FF20EC /* Constant.swift in Sources */,
			);
			runOnlyForDeploymentPostprocessing = 0;
		};
/* End PBXSourcesBuildPhase section */

/* Begin PBXVariantGroup section */
		D417196F29C670BA00FF20EC /* Main.storyboard */ = {
			isa = PBXVariantGroup;
			children = (
				D417197029C670BA00FF20EC /* Base */,
			);
			name = Main.storyboard;
			sourceTree = "<group>";
		};
		D417197429C670BB00FF20EC /* LaunchScreen.storyboard */ = {
			isa = PBXVariantGroup;
			children = (
				D417197529C670BB00FF20EC /* Base */,
			);
			name = LaunchScreen.storyboard;
			sourceTree = "<group>";
		};
/* End PBXVariantGroup section */

/* Begin XCBuildConfiguration section */
		D417197829C670BB00FF20EC /* Debug */ = {
			isa = XCBuildConfiguration;
			buildSettings = {
				ALWAYS_SEARCH_USER_PATHS = NO;
				CLANG_ANALYZER_NONNULL = YES;
				CLANG_ANALYZER_NUMBER_OBJECT_CONVERSION = YES_AGGRESSIVE;
				CLANG_CXX_LANGUAGE_STANDARD = "gnu++20";
				CLANG_ENABLE_MODULES = YES;
				CLANG_ENABLE_OBJC_ARC = YES;
				CLANG_ENABLE_OBJC_WEAK = YES;
				CLANG_WARN_BLOCK_CAPTURE_AUTORELEASING = YES;
				CLANG_WARN_BOOL_CONVERSION = YES;
				CLANG_WARN_COMMA = YES;
				CLANG_WARN_CONSTANT_CONVERSION = YES;
				CLANG_WARN_DEPRECATED_OBJC_IMPLEMENTATIONS = YES;
				CLANG_WARN_DIRECT_OBJC_ISA_USAGE = YES_ERROR;
				CLANG_WARN_DOCUMENTATION_COMMENTS = YES;
				CLANG_WARN_EMPTY_BODY = YES;
				CLANG_WARN_ENUM_CONVERSION = YES;
				CLANG_WARN_INFINITE_RECURSION = YES;
				CLANG_WARN_INT_CONVERSION = YES;
				CLANG_WARN_NON_LITERAL_NULL_CONVERSION = YES;
				CLANG_WARN_OBJC_IMPLICIT_RETAIN_SELF = YES;
				CLANG_WARN_OBJC_LITERAL_CONVERSION = YES;
				CLANG_WARN_OBJC_ROOT_CLASS = YES_ERROR;
				CLANG_WARN_QUOTED_INCLUDE_IN_FRAMEWORK_HEADER = YES;
				CLANG_WARN_RANGE_LOOP_ANALYSIS = YES;
				CLANG_WARN_STRICT_PROTOTYPES = YES;
				CLANG_WARN_SUSPICIOUS_MOVE = YES;
				CLANG_WARN_UNGUARDED_AVAILABILITY = YES_AGGRESSIVE;
				CLANG_WARN_UNREACHABLE_CODE = YES;
				CLANG_WARN__DUPLICATE_METHOD_MATCH = YES;
				COPY_PHASE_STRIP = NO;
				DEBUG_INFORMATION_FORMAT = dwarf;
				ENABLE_STRICT_OBJC_MSGSEND = YES;
				ENABLE_TESTABILITY = YES;
				GCC_C_LANGUAGE_STANDARD = gnu11;
				GCC_DYNAMIC_NO_PIC = NO;
				GCC_NO_COMMON_BLOCKS = YES;
				GCC_OPTIMIZATION_LEVEL = 0;
				GCC_PREPROCESSOR_DEFINITIONS = (
					"DEBUG=1",
					"$(inherited)",
				);
				GCC_WARN_64_TO_32_BIT_CONVERSION = YES;
				GCC_WARN_ABOUT_RETURN_TYPE = YES_ERROR;
				GCC_WARN_UNDECLARED_SELECTOR = YES;
				GCC_WARN_UNINITIALIZED_AUTOS = YES_AGGRESSIVE;
				GCC_WARN_UNUSED_FUNCTION = YES;
				GCC_WARN_UNUSED_VARIABLE = YES;
				IPHONEOS_DEPLOYMENT_TARGET = 16.2;
				MTL_ENABLE_DEBUG_INFO = INCLUDE_SOURCE;
				MTL_FAST_MATH = YES;
				ONLY_ACTIVE_ARCH = YES;
				SDKROOT = iphoneos;
				SWIFT_ACTIVE_COMPILATION_CONDITIONS = DEBUG;
				SWIFT_OPTIMIZATION_LEVEL = "-Onone";
			};
			name = Debug;
		};
		D417197929C670BB00FF20EC /* Release */ = {
			isa = XCBuildConfiguration;
			buildSettings = {
				ALWAYS_SEARCH_USER_PATHS = NO;
				CLANG_ANALYZER_NONNULL = YES;
				CLANG_ANALYZER_NUMBER_OBJECT_CONVERSION = YES_AGGRESSIVE;
				CLANG_CXX_LANGUAGE_STANDARD = "gnu++20";
				CLANG_ENABLE_MODULES = YES;
				CLANG_ENABLE_OBJC_ARC = YES;
				CLANG_ENABLE_OBJC_WEAK = YES;
				CLANG_WARN_BLOCK_CAPTURE_AUTORELEASING = YES;
				CLANG_WARN_BOOL_CONVERSION = YES;
				CLANG_WARN_COMMA = YES;
				CLANG_WARN_CONSTANT_CONVERSION = YES;
				CLANG_WARN_DEPRECATED_OBJC_IMPLEMENTATIONS = YES;
				CLANG_WARN_DIRECT_OBJC_ISA_USAGE = YES_ERROR;
				CLANG_WARN_DOCUMENTATION_COMMENTS = YES;
				CLANG_WARN_EMPTY_BODY = YES;
				CLANG_WARN_ENUM_CONVERSION = YES;
				CLANG_WARN_INFINITE_RECURSION = YES;
				CLANG_WARN_INT_CONVERSION = YES;
				CLANG_WARN_NON_LITERAL_NULL_CONVERSION = YES;
				CLANG_WARN_OBJC_IMPLICIT_RETAIN_SELF = YES;
				CLANG_WARN_OBJC_LITERAL_CONVERSION = YES;
				CLANG_WARN_OBJC_ROOT_CLASS = YES_ERROR;
				CLANG_WARN_QUOTED_INCLUDE_IN_FRAMEWORK_HEADER = YES;
				CLANG_WARN_RANGE_LOOP_ANALYSIS = YES;
				CLANG_WARN_STRICT_PROTOTYPES = YES;
				CLANG_WARN_SUSPICIOUS_MOVE = YES;
				CLANG_WARN_UNGUARDED_AVAILABILITY = YES_AGGRESSIVE;
				CLANG_WARN_UNREACHABLE_CODE = YES;
				CLANG_WARN__DUPLICATE_METHOD_MATCH = YES;
				COPY_PHASE_STRIP = NO;
				DEBUG_INFORMATION_FORMAT = "dwarf-with-dsym";
				ENABLE_NS_ASSERTIONS = NO;
				ENABLE_STRICT_OBJC_MSGSEND = YES;
				GCC_C_LANGUAGE_STANDARD = gnu11;
				GCC_NO_COMMON_BLOCKS = YES;
				GCC_WARN_64_TO_32_BIT_CONVERSION = YES;
				GCC_WARN_ABOUT_RETURN_TYPE = YES_ERROR;
				GCC_WARN_UNDECLARED_SELECTOR = YES;
				GCC_WARN_UNINITIALIZED_AUTOS = YES_AGGRESSIVE;
				GCC_WARN_UNUSED_FUNCTION = YES;
				GCC_WARN_UNUSED_VARIABLE = YES;
				IPHONEOS_DEPLOYMENT_TARGET = 16.2;
				MTL_ENABLE_DEBUG_INFO = NO;
				MTL_FAST_MATH = YES;
				SDKROOT = iphoneos;
				SWIFT_COMPILATION_MODE = wholemodule;
				SWIFT_OPTIMIZATION_LEVEL = "-O";
				VALIDATE_PRODUCT = YES;
			};
			name = Release;
		};
		D417197B29C670BB00FF20EC /* Debug */ = {
			isa = XCBuildConfiguration;
			baseConfigurationReference = 7DEED2087FC461ADE09333F1 /* Pods-APICall.debug.xcconfig */;
			buildSettings = {
				ASSETCATALOG_COMPILER_APPICON_NAME = AppIcon;
				ASSETCATALOG_COMPILER_GLOBAL_ACCENT_COLOR_NAME = AccentColor;
				CODE_SIGN_STYLE = Automatic;
				CURRENT_PROJECT_VERSION = 1;
				GENERATE_INFOPLIST_FILE = YES;
				INFOPLIST_FILE = APICall/Info.plist;
				INFOPLIST_KEY_UIApplicationSupportsIndirectInputEvents = YES;
				INFOPLIST_KEY_UILaunchStoryboardName = LaunchScreen;
				INFOPLIST_KEY_UIMainStoryboardFile = Main;
				INFOPLIST_KEY_UISupportedInterfaceOrientations_iPad = "UIInterfaceOrientationPortrait UIInterfaceOrientationPortraitUpsideDown UIInterfaceOrientationLandscapeLeft UIInterfaceOrientationLandscapeRight";
				INFOPLIST_KEY_UISupportedInterfaceOrientations_iPhone = "UIInterfaceOrientationPortrait UIInterfaceOrientationLandscapeLeft UIInterfaceOrientationLandscapeRight";
				LD_RUNPATH_SEARCH_PATHS = (
					"$(inherited)",
					"@executable_path/Frameworks",
				);
				MARKETING_VERSION = 1.0;
				PRODUCT_BUNDLE_IDENTIFIER = "somani.as-northeastern.edu.APICall";
				PRODUCT_NAME = "$(TARGET_NAME)";
				SWIFT_EMIT_LOC_STRINGS = YES;
				SWIFT_VERSION = 5.0;
				TARGETED_DEVICE_FAMILY = "1,2";
			};
			name = Debug;
		};
		D417197C29C670BB00FF20EC /* Release */ = {
			isa = XCBuildConfiguration;
			baseConfigurationReference = D163A5374DF8657A37C841B0 /* Pods-APICall.release.xcconfig */;
			buildSettings = {
				ASSETCATALOG_COMPILER_APPICON_NAME = AppIcon;
				ASSETCATALOG_COMPILER_GLOBAL_ACCENT_COLOR_NAME = AccentColor;
				CODE_SIGN_STYLE = Automatic;
				CURRENT_PROJECT_VERSION = 1;
				GENERATE_INFOPLIST_FILE = YES;
				INFOPLIST_FILE = APICall/Info.plist;
				INFOPLIST_KEY_UIApplicationSupportsIndirectInputEvents = YES;
				INFOPLIST_KEY_UILaunchStoryboardName = LaunchScreen;
				INFOPLIST_KEY_UIMainStoryboardFile = Main;
				INFOPLIST_KEY_UISupportedInterfaceOrientations_iPad = "UIInterfaceOrientationPortrait UIInterfaceOrientationPortraitUpsideDown UIInterfaceOrientationLandscapeLeft UIInterfaceOrientationLandscapeRight";
				INFOPLIST_KEY_UISupportedInterfaceOrientations_iPhone = "UIInterfaceOrientationPortrait UIInterfaceOrientationLandscapeLeft UIInterfaceOrientationLandscapeRight";
				LD_RUNPATH_SEARCH_PATHS = (
					"$(inherited)",
					"@executable_path/Frameworks",
				);
				MARKETING_VERSION = 1.0;
				PRODUCT_BUNDLE_IDENTIFIER = "somani.as-northeastern.edu.APICall";
				PRODUCT_NAME = "$(TARGET_NAME)";
				SWIFT_EMIT_LOC_STRINGS = YES;
				SWIFT_VERSION = 5.0;
				TARGETED_DEVICE_FAMILY = "1,2";
			};
			name = Release;
		};
/* End XCBuildConfiguration section */

/* Begin XCConfigurationList section */
		D417196129C670BA00FF20EC /* Build configuration list for PBXProject "APICall" */ = {
			isa = XCConfigurationList;
			buildConfigurations = (
				D417197829C670BB00FF20EC /* Debug */,
				D417197929C670BB00FF20EC /* Release */,
			);
			defaultConfigurationIsVisible = 0;
			defaultConfigurationName = Release;
		};
		D417197A29C670BB00FF20EC /* Build configuration list for PBXNativeTarget "APICall" */ = {
			isa = XCConfigurationList;
			buildConfigurations = (
				D417197B29C670BB00FF20EC /* Debug */,
				D417197C29C670BB00FF20EC /* Release */,
			);
			defaultConfigurationIsVisible = 0;
			defaultConfigurationName = Release;
		};
/* End XCConfigurationList section */
	};
	rootObject = D417195E29C670BA00FF20EC /* Project object */;
}
